
Microsoft Visual Studio Solution File, Format Version 12.00
# Visual Studio Version 16
VisualStudioVersion = 16.0.31129.286
MinimumVisualStudioVersion = 10.0.40219.1
Project("{FAE04EC0-301F-11D3-BF4B-00C04F79EFBC}") = "ReverseAllLeters", "ReverseAllLeters\ReverseAllLeters.csproj", "{5B1C651B-4AFF-461C-A55A-C2351961408C}"
EndProject
Global
	GlobalSection(SolutionConfigurationPlatforms) = preSolution
		Debug|Any CPU = Debug|Any CPU
		Release|Any CPU = Release|Any CPU
	EndGlobalSection
	GlobalSection(ProjectConfigurationPlatforms) = postSolution
		{5B1C651B-4AFF-461C-A55A-C2351961408C}.Debug|Any CPU.ActiveCfg = Debug|Any CPU
		{5B1C651B-4AFF-461C-A55A-C2351961408C}.Debug|Any CPU.Build.0 = Debug|Any CPU
		{5B1C651B-4AFF-461C-A55A-C2351961408C}.Release|Any CPU.ActiveCfg = Release|Any CPU
		{5B1C651B-4AFF-461C-A55A-C2351961408C}.Release|Any CPU.Build.0 = Release|Any CPU
	EndGlobalSection
	GlobalSection(SolutionProperties) = preSolution
		HideSolutionNode = FALSE
	EndGlobalSection
	GlobalSection(ExtensibilityGlobals) = postSolution
		SolutionGuid = {29A39962-BEE2-457B-A158-ED7DFDE9A08A}
	EndGlobalSection
EndGlobal
